
Microsoft Visual Studio Solution File, Format Version 10.00
# Visual Studio 2008
Project("{FAE04EC0-301F-11D3-BF4B-00C04F79EFBC}") = "NMG.App", "NMG.App\NMG.App.csproj", "{63E6330D-8291-44DD-A032-B7FBF844AC5D}"
EndProject
Project("{FAE04EC0-301F-11D3-BF4B-00C04F79EFBC}") = "NMG.Core", "NMG.Core\NMG.Core.csproj", "{A15F2280-C07B-4BBA-B822-6D06C464A582}"
EndProject
Project("{FAE04EC0-301F-11D3-BF4B-00C04F79EFBC}") = "NMG.Tests", "NMG.Tests\NMG.Tests.csproj", "{CB49F322-28FA-4464-BA48-0C59043C118D}"
EndProject
Project("{FAE04EC0-301F-11D3-BF4B-00C04F79EFBC}") = "NMG.Controller", "NMG.Service\NMG.Controller.csproj", "{CE0F8E0F-0392-4910-A728-D980F4043904}"
EndProject
Project("{54435603-DBB4-11D2-8724-00A0C9A8B90C}") = "NMG.Installer", "NMG.Installer\NMG.Installer.vdproj", "{2BD0F2AF-44B5-4D7E-B9B0-D34A858EA4F6}"
EndProject
Global
	GlobalSection(SolutionConfigurationPlatforms) = preSolution
		Debug|Any CPU = Debug|Any CPU
		Release|Any CPU = Release|Any CPU
	EndGlobalSection
	GlobalSection(ProjectConfigurationPlatforms) = postSolution
		{63E6330D-8291-44DD-A032-B7FBF844AC5D}.Debug|Any CPU.ActiveCfg = Debug|Any CPU
		{63E6330D-8291-44DD-A032-B7FBF844AC5D}.Debug|Any CPU.Build.0 = Debug|Any CPU
		{63E6330D-8291-44DD-A032-B7FBF844AC5D}.Release|Any CPU.ActiveCfg = Release|Any CPU
		{63E6330D-8291-44DD-A032-B7FBF844AC5D}.Release|Any CPU.Build.0 = Release|Any CPU
		{A15F2280-C07B-4BBA-B822-6D06C464A582}.Debug|Any CPU.ActiveCfg = Debug|Any CPU
		{A15F2280-C07B-4BBA-B822-6D06C464A582}.Debug|Any CPU.Build.0 = Debug|Any CPU
		{A15F2280-C07B-4BBA-B822-6D06C464A582}.Release|Any CPU.ActiveCfg = Release|Any CPU
		{A15F2280-C07B-4BBA-B822-6D06C464A582}.Release|Any CPU.Build.0 = Release|Any CPU
		{CB49F322-28FA-4464-BA48-0C59043C118D}.Debug|Any CPU.ActiveCfg = Debug|Any CPU
		{CB49F322-28FA-4464-BA48-0C59043C118D}.Debug|Any CPU.Build.0 = Debug|Any CPU
		{CB49F322-28FA-4464-BA48-0C59043C118D}.Release|Any CPU.ActiveCfg = Release|Any CPU
		{CB49F322-28FA-4464-BA48-0C59043C118D}.Release|Any CPU.Build.0 = Release|Any CPU
		{CE0F8E0F-0392-4910-A728-D980F4043904}.Debug|Any CPU.ActiveCfg = Debug|Any CPU
		{CE0F8E0F-0392-4910-A728-D980F4043904}.Debug|Any CPU.Build.0 = Debug|Any CPU
		{CE0F8E0F-0392-4910-A728-D980F4043904}.Release|Any CPU.ActiveCfg = Release|Any CPU
		{CE0F8E0F-0392-4910-A728-D980F4043904}.Release|Any CPU.Build.0 = Release|Any CPU
		{2BD0F2AF-44B5-4D7E-B9B0-D34A858EA4F6}.Debug|Any CPU.ActiveCfg = Debug
		{2BD0F2AF-44B5-4D7E-B9B0-D34A858EA4F6}.Release|Any CPU.ActiveCfg = Release
	EndGlobalSection
	GlobalSection(SolutionProperties) = preSolution
		HideSolutionNode = FALSE
	EndGlobalSection
EndGlobal
